
Microsoft Visual Studio Solution File, Format Version 12.00
# Visual Studio 2013
VisualStudioVersion = 12.0.30723.0
MinimumVisualStudioVersion = 10.0.40219.1
Project("{D2ABAB84-BF74-430A-B69E-9DC6D40DDA17}") = "SSAS_harjoitus_01_1201125", "SSAS_harjoitus_01_1201125\SSAS_harjoitus_01_1201125.dwproj", "{0D69C400-638A-407B-ACED-146FEBB5620D}"
EndProject
Global
	GlobalSection(SolutionConfigurationPlatforms) = preSolution
		Development|Default = Development|Default
	EndGlobalSection
	GlobalSection(ProjectConfigurationPlatforms) = postSolution
		{0D69C400-638A-407B-ACED-146FEBB5620D}.Development|Default.ActiveCfg = Development
		{0D69C400-638A-407B-ACED-146FEBB5620D}.Development|Default.Build.0 = Development
		{0D69C400-638A-407B-ACED-146FEBB5620D}.Development|Default.Deploy.0 = Development
	EndGlobalSection
	GlobalSection(SolutionProperties) = preSolution
		HideSolutionNode = FALSE
	EndGlobalSection
EndGlobal
